{
  "name": "@tereshcuk/ajs_1",
  "version": "1.0.0",
  "lockfileVersion": 3,
  "requires": true,
  "packages": {
    "": {
      "name": "@tereshcuk/ajs_1",
      "version": "1.0.0",
      "license": "ISC",
      "dependencies": {
        "@tereshcuk/ajs": "^1.0.0"
      }
    },
    "node_modules/@tereshcuk/ajs": {
      "version": "1.0.0",
      "resolved": "https://npm.pkg.github.com/download/@tereshcuk/ajs/1.0.0/63181b97b42b670d0ddd9f5e626a909f951f4383",
      "integrity": "sha512-dSVhjvHw/YX0UyDS1Dl0vOYS5tVAJN3swnrVYg209QiPd8lu3llLbc1LVbJZ1ZIRw+nm4WGgkOS9KKjZ1BCWHg==",
      "license": "ISC"
    }
  }
}
